
Microsoft Visual Studio Solution File, Format Version 12.00
# Visual Studio Version 16
VisualStudioVersion = 16.0.31129.286
MinimumVisualStudioVersion = 10.0.40219.1
Project("{FAE04EC0-301F-11D3-BF4B-00C04F79EFBC}") = "FreeTVChannels", "FreeTVChannels\FreeTVChannels.csproj", "{369F3BD9-BF13-4AF3-83E5-F4125EBF9AA6}"
EndProject
Global
	GlobalSection(SolutionConfigurationPlatforms) = preSolution
		Debug|Any CPU = Debug|Any CPU
		Release|Any CPU = Release|Any CPU
	EndGlobalSection
	GlobalSection(ProjectConfigurationPlatforms) = postSolution
		{369F3BD9-BF13-4AF3-83E5-F4125EBF9AA6}.Debug|Any CPU.ActiveCfg = Debug|Any CPU
		{369F3BD9-BF13-4AF3-83E5-F4125EBF9AA6}.Debug|Any CPU.Build.0 = Debug|Any CPU
		{369F3BD9-BF13-4AF3-83E5-F4125EBF9AA6}.Release|Any CPU.ActiveCfg = Release|Any CPU
		{369F3BD9-BF13-4AF3-83E5-F4125EBF9AA6}.Release|Any CPU.Build.0 = Release|Any CPU
	EndGlobalSection
	GlobalSection(SolutionProperties) = preSolution
		HideSolutionNode = FALSE
	EndGlobalSection
	GlobalSection(ExtensibilityGlobals) = postSolution
		SolutionGuid = {6EC12045-668F-4D83-8446-DFE61BF11499}
	EndGlobalSection
EndGlobal
